
Microsoft Visual Studio Solution File, Format Version 12.00
# Visual Studio 15
VisualStudioVersion = 15.0.27703.2026
MinimumVisualStudioVersion = 10.0.40219.1
Project("{FAE04EC0-301F-11D3-BF4B-00C04F79EFBC}") = "TraderBot", "TraderBot\TraderBot.csproj", "{D4E2BFE7-0962-4F61-8747-ACCFB7530DB2}"
EndProject
Global
	GlobalSection(SolutionConfigurationPlatforms) = preSolution
		Debug|Any CPU = Debug|Any CPU
		Release|Any CPU = Release|Any CPU
	EndGlobalSection
	GlobalSection(ProjectConfigurationPlatforms) = postSolution
		{D4E2BFE7-0962-4F61-8747-ACCFB7530DB2}.Debug|Any CPU.ActiveCfg = Debug|Any CPU
		{D4E2BFE7-0962-4F61-8747-ACCFB7530DB2}.Debug|Any CPU.Build.0 = Debug|Any CPU
		{D4E2BFE7-0962-4F61-8747-ACCFB7530DB2}.Release|Any CPU.ActiveCfg = Release|Any CPU
		{D4E2BFE7-0962-4F61-8747-ACCFB7530DB2}.Release|Any CPU.Build.0 = Release|Any CPU
	EndGlobalSection
	GlobalSection(SolutionProperties) = preSolution
		HideSolutionNode = FALSE
	EndGlobalSection
	GlobalSection(ExtensibilityGlobals) = postSolution
		SolutionGuid = {A0762A66-22DA-4525-AD7C-B6DBECE5B27F}
	EndGlobalSection
EndGlobal
